{
  "version": 4,
  "terraform_version": "1.9.3",
  "serial": 1,
  "lineage": "08e5cd09-34f9-eb57-c348-e5a2544d0230",
  "outputs": {},
  "resources": [
    {
      "mode": "managed",
      "type": "spotify_playlist",
      "name": "English-JAM",
      "provider": "provider[\"registry.terraform.io/conradludgate/spotify\"]",
      "instances": [
        {
          "schema_version": 0,
          "attributes": {
            "description": null,
            "id": "7t6X9BMQbUAC6ELxV1ixyK",
            "name": "StayMotivatedSongs",
            "public": true,
            "snapshot_id": "AAAAAnIMTzo4YrMrx3Mne+tO3UkkHI6P",
            "tracks": [
              "4Arjo1XR9qXsLstvU9fFV3",
              "2HHtWyy5CgaQbC7XSoOb0e"
            ]
          },
          "sensitive_attributes": [],
          "private": "bnVsbA=="
        }
      ]
    }
  ],
  "check_results": null
}
